// !$*UTF8*$!
{
	archiveVersion = 1;
	classes = {
	};
	objectVersion = 46;
	objects = {

/* Begin PBXBuildFile section */
		03295F9D1EA6A20A00393C07 /* AppDelegate.swift in Sources */ = {isa = PBXBuildFile; fileRef = 03295F9C1EA6A20A00393C07 /* AppDelegate.swift */; };
		03295FA41EA6A20A00393C07 /* Assets.xcassets in Resources */ = {isa = PBXBuildFile; fileRef = 03295FA31EA6A20A00393C07 /* Assets.xcassets */; };
		03295FB41EA6A2CC00393C07 /* web in Resources */ = {isa = PBXBuildFile; fileRef = 03295FB31EA6A2CC00393C07 /* web */; };
		03FEA31D1EA6B7FF00C040A2 /* RootViewController.swift in Sources */ = {isa = PBXBuildFile; fileRef = 03FEA31C1EA6B7FF00C040A2 /* RootViewController.swift */; };
		03FEA31F1EA6B83000C040A2 /* Main.storyboard in Resources */ = {isa = PBXBuildFile; fileRef = 03FEA31E1EA6B83000C040A2 /* Main.storyboard */; };
		03FEA3211EA6B8AD00C040A2 /* LaunchScreen.storyboard in Resources */ = {isa = PBXBuildFile; fileRef = 03FEA3201EA6B8AD00C040A2 /* LaunchScreen.storyboard */; };
/* End PBXBuildFile section */

/* Begin PBXFileReference section */
		03295F991EA6A20A00393C07 /* iOSmeetsD3.app */ = {isa = PBXFileReference; explicitFileType = wrapper.application; includeInIndex = 0; path = iOSmeetsD3.app; sourceTree = BUILT_PRODUCTS_DIR; };
		03295F9C1EA6A20A00393C07 /* AppDelegate.swift */ = {isa = PBXFileReference; lastKnownFileType = sourcecode.swift; name = AppDelegate.swift; path = ../AppDelegate.swift; sourceTree = "<group>"; };
		03295FA31EA6A20A00393C07 /* Assets.xcassets */ = {isa = PBXFileReference; lastKnownFileType = folder.assetcatalog; path = Assets.xcassets; sourceTree = "<group>"; };
		03295FA81EA6A20A00393C07 /* Info.plist */ = {isa = PBXFileReference; lastKnownFileType = text.plist.xml; name = Info.plist; path = ../Info.plist; sourceTree = "<group>"; };
		03295FB31EA6A2CC00393C07 /* web */ = {isa = PBXFileReference; lastKnownFileType = folder; path = web; sourceTree = "<group>"; };
		03FEA31C1EA6B7FF00C040A2 /* RootViewController.swift */ = {isa = PBXFileReference; fileEncoding = 4; lastKnownFileType = sourcecode.swift; path = RootViewController.swift; sourceTree = "<group>"; };
		03FEA31E1EA6B83000C040A2 /* Main.storyboard */ = {isa = PBXFileReference; fileEncoding = 4; lastKnownFileType = file.storyboard; path = Main.storyboard; sourceTree = "<group>"; };
		03FEA3201EA6B8AD00C040A2 /* LaunchScreen.storyboard */ = {isa = PBXFileReference; fileEncoding = 4; lastKnownFileType = file.storyboard; path = LaunchScreen.storyboard; sourceTree = "<group>"; };
/* End PBXFileReference section */

/* Begin PBXFrameworksBuildPhase section */
		03295F961EA6A20A00393C07 /* Frameworks */ = {
			isa = PBXFrameworksBuildPhase;
			buildActionMask = 2147483647;
			files = (
			);
			runOnlyForDeploymentPostprocessing = 0;
		};
/* End PBXFrameworksBuildPhase section */

/* Begin PBXGroup section */
		03295F901EA6A20A00393C07 = {
			isa = PBXGroup;
			children = (
				03295F9B1EA6A20A00393C07 /* iOSmeetsD3 */,
				03295F9A1EA6A20A00393C07 /* Products */,
			);
			sourceTree = "<group>";
		};
		03295F9A1EA6A20A00393C07 /* Products */ = {
			isa = PBXGroup;
			children = (
				03295F991EA6A20A00393C07 /* iOSmeetsD3.app */,
			);
			name = Products;
			sourceTree = "<group>";
		};
		03295F9B1EA6A20A00393C07 /* iOSmeetsD3 */ = {
			isa = PBXGroup;
			children = (
				03295FA31EA6A20A00393C07 /* Assets.xcassets */,
				03295FAF1EA6A22E00393C07 /* Models */,
				03295FB21EA6A28500393C07 /* Storyboards & Xibs */,
				03295FB01EA6A23400393C07 /* Supporting Files */,
				03295FAE1EA6A21500393C07 /* ViewControllers */,
				03295FB11EA6A26A00393C07 /* Views */,
			);
			path = iOSmeetsD3;
			sourceTree = "<group>";
		};
		03295FAE1EA6A21500393C07 /* ViewControllers */ = {
			isa = PBXGroup;
			children = (
				03FEA31C1EA6B7FF00C040A2 /* RootViewController.swift */,
			);
			path = ViewControllers;
			sourceTree = "<group>";
		};
		03295FAF1EA6A22E00393C07 /* Models */ = {
			isa = PBXGroup;
			children = (
			);
			path = Models;
			sourceTree = "<group>";
		};
		03295FB01EA6A23400393C07 /* Supporting Files */ = {
			isa = PBXGroup;
			children = (
				03295FB31EA6A2CC00393C07 /* web */,
				03295F9C1EA6A20A00393C07 /* AppDelegate.swift */,
				03295FA81EA6A20A00393C07 /* Info.plist */,
			);
			path = "Supporting Files";
			sourceTree = "<group>";
		};
		03295FB11EA6A26A00393C07 /* Views */ = {
			isa = PBXGroup;
			children = (
			);
			path = Views;
			sourceTree = "<group>";
		};
		03295FB21EA6A28500393C07 /* Storyboards & Xibs */ = {
			isa = PBXGroup;
			children = (
				03FEA31E1EA6B83000C040A2 /* Main.storyboard */,
				03FEA3201EA6B8AD00C040A2 /* LaunchScreen.storyboard */,
			);
			path = "Storyboards & Xibs";
			sourceTree = "<group>";
		};
/* End PBXGroup section */

/* Begin PBXNativeTarget section */
		03295F981EA6A20A00393C07 /* iOSmeetsD3 */ = {
			isa = PBXNativeTarget;
			buildConfigurationList = 03295FAB1EA6A20A00393C07 /* Build configuration list for PBXNativeTarget "iOSmeetsD3" */;
			buildPhases = (
				03295F951EA6A20A00393C07 /* Sources */,
				03295F961EA6A20A00393C07 /* Frameworks */,
				03295F971EA6A20A00393C07 /* Resources */,
			);
			buildRules = (
			);
			dependencies = (
			);
			name = iOSmeetsD3;
			productName = iOSmeetsD3;
			productReference = 03295F991EA6A20A00393C07 /* iOSmeetsD3.app */;
			productType = "com.apple.product-type.application";
		};
/* End PBXNativeTarget section */

/* Begin PBXProject section */
		03295F911EA6A20A00393C07 /* Project object */ = {
			isa = PBXProject;
			attributes = {
				LastSwiftUpdateCheck = 0830;
				LastUpgradeCheck = 0830;
				ORGANIZATIONNAME = Minikin.me;
				TargetAttributes = {
					03295F981EA6A20A00393C07 = {
						CreatedOnToolsVersion = 8.3.1;
						DevelopmentTeam = U8369V84MM;
						ProvisioningStyle = Automatic;
					};
				};
			};
			buildConfigurationList = 03295F941EA6A20A00393C07 /* Build configuration list for PBXProject "iOSmeetsD3" */;
			compatibilityVersion = "Xcode 3.2";
			developmentRegion = English;
			hasScannedForEncodings = 0;
			knownRegions = (
				en,
				Base,
			);
			mainGroup = 03295F901EA6A20A00393C07;
			productRefGroup = 03295F9A1EA6A20A00393C07 /* Products */;
			projectDirPath = "";
			projectRoot = "";
			targets = (
				03295F981EA6A20A00393C07 /* iOSmeetsD3 */,
			);
		};
/* End PBXProject section */

/* Begin PBXResourcesBuildPhase section */
		03295F971EA6A20A00393C07 /* Resources */ = {
			isa = PBXResourcesBuildPhase;
			buildActionMask = 2147483647;
			files = (
				03FEA31F1EA6B83000C040A2 /* Main.storyboard in Resources */,
				03FEA3211EA6B8AD00C040A2 /* LaunchScreen.storyboard in Resources */,
				03295FB41EA6A2CC00393C07 /* web in Resources */,
				03295FA41EA6A20A00393C07 /* Assets.xcassets in Resources */,
			);
			runOnlyForDeploymentPostprocessing = 0;
		};
/* End PBXResourcesBuildPhase section */

/* Begin PBXSourcesBuildPhase section */
		03295F951EA6A20A00393C07 /* Sources */ = {
			isa = PBXSourcesBuildPhase;
			buildActionMask = 2147483647;
			files = (
				03295F9D1EA6A20A00393C07 /* AppDelegate.swift in Sources */,
				03FEA31D1EA6B7FF00C040A2 /* RootViewController.swift in Sources */,
			);
			runOnlyForDeploymentPostprocessing = 0;
		};
/* End PBXSourcesBuildPhase section */

/* Begin XCBuildConfiguration section */
		03295FA91EA6A20A00393C07 /* Debug */ = {
			isa = XCBuildConfiguration;
			buildSettings = {
				ALWAYS_SEARCH_USER_PATHS = NO;
				CLANG_ANALYZER_NONNULL = YES;
				CLANG_ANALYZER_NUMBER_OBJECT_CONVERSION = YES_AGGRESSIVE;
				CLANG_CXX_LANGUAGE_STANDARD = "gnu++0x";
				CLANG_CXX_LIBRARY = "libc++";
				CLANG_ENABLE_MODULES = YES;
				CLANG_ENABLE_OBJC_ARC = YES;
				CLANG_WARN_BOOL_CONVERSION = YES;
				CLANG_WARN_CONSTANT_CONVERSION = YES;
				CLANG_WARN_DIRECT_OBJC_ISA_USAGE = YES_ERROR;
				CLANG_WARN_DOCUMENTATION_COMMENTS = YES;
				CLANG_WARN_EMPTY_BODY = YES;
				CLANG_WARN_ENUM_CONVERSION = YES;
				CLANG_WARN_INFINITE_RECURSION = YES;
				CLANG_WARN_INT_CONVERSION = YES;
				CLANG_WARN_OBJC_ROOT_CLASS = YES_ERROR;
				CLANG_WARN_SUSPICIOUS_MOVE = YES;
				CLANG_WARN_UNREACHABLE_CODE = YES;
				CLANG_WARN__DUPLICATE_METHOD_MATCH = YES;
				"CODE_SIGN_IDENTITY[sdk=iphoneos*]" = "iPhone Developer";
				COPY_PHASE_STRIP = NO;
				DEBUG_INFORMATION_FORMAT = dwarf;
				ENABLE_STRICT_OBJC_MSGSEND = YES;
				ENABLE_TESTABILITY = YES;
				GCC_C_LANGUAGE_STANDARD = gnu99;
				GCC_DYNAMIC_NO_PIC = NO;
				GCC_NO_COMMON_BLOCKS = YES;
				GCC_OPTIMIZATION_LEVEL = 0;
				GCC_PREPROCESSOR_DEFINITIONS = (
					"DEBUG=1",
					"$(inherited)",
				);
				GCC_WARN_64_TO_32_BIT_CONVERSION = YES;
				GCC_WARN_ABOUT_RETURN_TYPE = YES_ERROR;
				GCC_WARN_UNDECLARED_SELECTOR = YES;
				GCC_WARN_UNINITIALIZED_AUTOS = YES_AGGRESSIVE;
				GCC_WARN_UNUSED_FUNCTION = YES;
				GCC_WARN_UNUSED_VARIABLE = YES;
				IPHONEOS_DEPLOYMENT_TARGET = 10.3;
				MTL_ENABLE_DEBUG_INFO = YES;
				ONLY_ACTIVE_ARCH = YES;
				SDKROOT = iphoneos;
				SWIFT_ACTIVE_COMPILATION_CONDITIONS = DEBUG;
				SWIFT_OPTIMIZATION_LEVEL = "-Onone";
				TARGETED_DEVICE_FAMILY = "1,2";
			};
			name = Debug;
		};
		03295FAA1EA6A20A00393C07 /* Release */ = {
			isa = XCBuildConfiguration;
			buildSettings = {
				ALWAYS_SEARCH_USER_PATHS = NO;
				CLANG_ANALYZER_NONNULL = YES;
				CLANG_ANALYZER_NUMBER_OBJECT_CONVERSION = YES_AGGRESSIVE;
				CLANG_CXX_LANGUAGE_STANDARD = "gnu++0x";
				CLANG_CXX_LIBRARY = "libc++";
				CLANG_ENABLE_MODULES = YES;
				CLANG_ENABLE_OBJC_ARC = YES;
				CLANG_WARN_BOOL_CONVERSION = YES;
				CLANG_WARN_CONSTANT_CONVERSION = YES;
				CLANG_WARN_DIRECT_OBJC_ISA_USAGE = YES_ERROR;
				CLANG_WARN_DOCUMENTATION_COMMENTS = YES;
				CLANG_WARN_EMPTY_BODY = YES;
				CLANG_WARN_ENUM_CONVERSION = YES;
				CLANG_WARN_INFINITE_RECURSION = YES;
				CLANG_WARN_INT_CONVERSION = YES;
				CLANG_WARN_OBJC_ROOT_CLASS = YES_ERROR;
				CLANG_WARN_SUSPICIOUS_MOVE = YES;
				CLANG_WARN_UNREACHABLE_CODE = YES;
				CLANG_WARN__DUPLICATE_METHOD_MATCH = YES;
				"CODE_SIGN_IDENTITY[sdk=iphoneos*]" = "iPhone Developer";
				COPY_PHASE_STRIP = NO;
				DEBUG_INFORMATION_FORMAT = "dwarf-with-dsym";
				ENABLE_NS_ASSERTIONS = NO;
				ENABLE_STRICT_OBJC_MSGSEND = YES;
				GCC_C_LANGUAGE_STANDARD = gnu99;
				GCC_NO_COMMON_BLOCKS = YES;
				GCC_WARN_64_TO_32_BIT_CONVERSION = YES;
				GCC_WARN_ABOUT_RETURN_TYPE = YES_ERROR;
				GCC_WARN_UNDECLARED_SELECTOR = YES;
				GCC_WARN_UNINITIALIZED_AUTOS = YES_AGGRESSIVE;
				GCC_WARN_UNUSED_FUNCTION = YES;
				GCC_WARN_UNUSED_VARIABLE = YES;
				IPHONEOS_DEPLOYMENT_TARGET = 10.3;
				MTL_ENABLE_DEBUG_INFO = NO;
				SDKROOT = iphoneos;
				SWIFT_OPTIMIZATION_LEVEL = "-Owholemodule";
				TARGETED_DEVICE_FAMILY = "1,2";
				VALIDATE_PRODUCT = YES;
			};
			name = Release;
		};
		03295FAC1EA6A20A00393C07 /* Debug */ = {
			isa = XCBuildConfiguration;
			buildSettings = {
				ASSETCATALOG_COMPILER_APPICON_NAME = AppIcon;
				DEVELOPMENT_TEAM = U8369V84MM;
				INFOPLIST_FILE = iOSmeetsD3/Info.plist;
				LD_RUNPATH_SEARCH_PATHS = "$(inherited) @executable_path/Frameworks";
				PRODUCT_BUNDLE_IDENTIFIER = me.minikin.iOSmeetsD3;
				PRODUCT_NAME = "$(TARGET_NAME)";
				SWIFT_VERSION = 3.0;
			};
			name = Debug;
		};
		03295FAD1EA6A20A00393C07 /* Release */ = {
			isa = XCBuildConfiguration;
			buildSettings = {
				ASSETCATALOG_COMPILER_APPICON_NAME = AppIcon;
				DEVELOPMENT_TEAM = U8369V84MM;
				INFOPLIST_FILE = iOSmeetsD3/Info.plist;
				LD_RUNPATH_SEARCH_PATHS = "$(inherited) @executable_path/Frameworks";
				PRODUCT_BUNDLE_IDENTIFIER = me.minikin.iOSmeetsD3;
				PRODUCT_NAME = "$(TARGET_NAME)";
				SWIFT_VERSION = 3.0;
			};
			name = Release;
		};
/* End XCBuildConfiguration section */

/* Begin XCConfigurationList section */
		03295F941EA6A20A00393C07 /* Build configuration list for PBXProject "iOSmeetsD3" */ = {
			isa = XCConfigurationList;
			buildConfigurations = (
				03295FA91EA6A20A00393C07 /* Debug */,
				03295FAA1EA6A20A00393C07 /* Release */,
			);
			defaultConfigurationIsVisible = 0;
			defaultConfigurationName = Release;
		};
		03295FAB1EA6A20A00393C07 /* Build configuration list for PBXNativeTarget "iOSmeetsD3" */ = {
			isa = XCConfigurationList;
			buildConfigurations = (
				03295FAC1EA6A20A00393C07 /* Debug */,
				03295FAD1EA6A20A00393C07 /* Release */,
			);
			defaultConfigurationIsVisible = 0;
			defaultConfigurationName = Release;
		};
/* End XCConfigurationList section */
	};
	rootObject = 03295F911EA6A20A00393C07 /* Project object */;
}
